lockfile_version: '1'
generated_at: '2026-09-22T00:40:07.202054+00:00'
apm_version: 0.26.0
dependencies:
- repo_url: _local/development-practices
  name: development-practices
  version: 0.1.0
  package_type: apm_package
  source: local
  local_path: /home/nathan/repos/pngdeity/active/apm-user-repository/packages/development-practices
deployments:
- kind: project-relative
  target: copilot
  value: .github/instructions/reconcile-core.instructions.md
  runtime: null
  scope: project
  owners:
  - .
  active_owner: .
  content_hash: sha256:787934595ab360404dc85c8651226ef5b3aada2a4647ebc60f8ca26a56da7ddf
local_deployed_files:
- .github/instructions/reconcile-core.instructions.md
local_deployed_file_hashes:
  .github/instructions/reconcile-core.instructions.md: sha256:787934595ab360404dc85c8651226ef5b3aada2a4647ebc60f8ca26a56da7ddf
